
Microsoft Visual Studio Solution File, Format Version 12.00
# Visual Studio Version 17
VisualStudioVersion = 17.0.31903.59
MinimumVisualStudioVersion = 10.0.40219.1
Project("{2150E333-8FDC-42A3-9474-1A3956D46DE8}") = "src", "src", "{827E0CD3-B72D-47B6-A68D-7590B98EB39B}"
EndProject
Project("{FAE04EC0-301F-11D3-BF4B-00C04F79EFBC}") = "GcExtensionAuditMaui", "src\GcExtensionAuditMaui\GcExtensionAuditMaui.csproj", "{583AF7F3-E565-42EF-BC62-EF07E8B0A960}"
EndProject
Project("{2150E333-8FDC-42A3-9474-1A3956D46DE8}") = "tests", "tests", "{0AB3BF05-4346-4AA6-1389-037BE0695223}"
EndProject
Project("{FAE04EC0-301F-11D3-BF4B-00C04F79EFBC}") = "GcExtensionAuditMaui.Tests", "tests\GcExtensionAuditMaui.Tests\GcExtensionAuditMaui.Tests.csproj", "{4BB98799-92C1-435A-9BAD-795F2534AC82}"
EndProject
Global
	GlobalSection(SolutionConfigurationPlatforms) = preSolution
		Debug|Any CPU = Debug|Any CPU
		Debug|x64 = Debug|x64
		Debug|x86 = Debug|x86
		Release|Any CPU = Release|Any CPU
		Release|x64 = Release|x64
		Release|x86 = Release|x86
	EndGlobalSection
	GlobalSection(ProjectConfigurationPlatforms) = postSolution
		{583AF7F3-E565-42EF-BC62-EF07E8B0A960}.Debug|Any CPU.ActiveCfg = Debug|Any CPU
		{583AF7F3-E565-42EF-BC62-EF07E8B0A960}.Debug|Any CPU.Build.0 = Debug|Any CPU
		{583AF7F3-E565-42EF-BC62-EF07E8B0A960}.Debug|x64.ActiveCfg = Debug|Any CPU
		{583AF7F3-E565-42EF-BC62-EF07E8B0A960}.Debug|x64.Build.0 = Debug|Any CPU
		{583AF7F3-E565-42EF-BC62-EF07E8B0A960}.Debug|x86.ActiveCfg = Debug|Any CPU
		{583AF7F3-E565-42EF-BC62-EF07E8B0A960}.Debug|x86.Build.0 = Debug|Any CPU
		{583AF7F3-E565-42EF-BC62-EF07E8B0A960}.Release|Any CPU.ActiveCfg = Release|Any CPU
		{583AF7F3-E565-42EF-BC62-EF07E8B0A960}.Release|Any CPU.Build.0 = Release|Any CPU
		{583AF7F3-E565-42EF-BC62-EF07E8B0A960}.Release|x64.ActiveCfg = Release|Any CPU
		{583AF7F3-E565-42EF-BC62-EF07E8B0A960}.Release|x64.Build.0 = Release|Any CPU
		{583AF7F3-E565-42EF-BC62-EF07E8B0A960}.Release|x86.ActiveCfg = Release|Any CPU
		{583AF7F3-E565-42EF-BC62-EF07E8B0A960}.Release|x86.Build.0 = Release|Any CPU
		{4BB98799-92C1-435A-9BAD-795F2534AC82}.Debug|Any CPU.ActiveCfg = Debug|Any CPU
		{4BB98799-92C1-435A-9BAD-795F2534AC82}.Debug|Any CPU.Build.0 = Debug|Any CPU
		{4BB98799-92C1-435A-9BAD-795F2534AC82}.Debug|x64.ActiveCfg = Debug|Any CPU
		{4BB98799-92C1-435A-9BAD-795F2534AC82}.Debug|x64.Build.0 = Debug|Any CPU
		{4BB98799-92C1-435A-9BAD-795F2534AC82}.Debug|x86.ActiveCfg = Debug|Any CPU
		{4BB98799-92C1-435A-9BAD-795F2534AC82}.Debug|x86.Build.0 = Debug|Any CPU
		{4BB98799-92C1-435A-9BAD-795F2534AC82}.Release|Any CPU.ActiveCfg = Release|Any CPU
		{4BB98799-92C1-435A-9BAD-795F2534AC82}.Release|Any CPU.Build.0 = Release|Any CPU
		{4BB98799-92C1-435A-9BAD-795F2534AC82}.Release|x64.ActiveCfg = Release|Any CPU
		{4BB98799-92C1-435A-9BAD-795F2534AC82}.Release|x64.Build.0 = Release|Any CPU
		{4BB98799-92C1-435A-9BAD-795F2534AC82}.Release|x86.ActiveCfg = Release|Any CPU
		{4BB98799-92C1-435A-9BAD-795F2534AC82}.Release|x86.Build.0 = Release|Any CPU
	EndGlobalSection
	GlobalSection(SolutionProperties) = preSolution
		HideSolutionNode = FALSE
	EndGlobalSection
	GlobalSection(NestedProjects) = preSolution
		{583AF7F3-E565-42EF-BC62-EF07E8B0A960} = {827E0CD3-B72D-47B6-A68D-7590B98EB39B}
		{4BB98799-92C1-435A-9BAD-795F2534AC82} = {0AB3BF05-4346-4AA6-1389-037BE0695223}
	EndGlobalSection
EndGlobal
